// !$*UTF8*$!
{
	archiveVersion = 1;
	classes = {
	};
	objectVersion = 46;
	objects = {

/* Begin PBXBuildFile section */
		F467F8181BB47B7F00CD1388 /* AppDelegate.swift in Sources */ = {isa = PBXBuildFile; fileRef = F467F8171BB47B7F00CD1388 /* AppDelegate.swift */; };
		F467F81A1BB47B7F00CD1388 /* ViewController.swift in Sources */ = {isa = PBXBuildFile; fileRef = F467F8191BB47B7F00CD1388 /* ViewController.swift */; };
		F467F81D1BB47B7F00CD1388 /* Main.storyboard in Resources */ = {isa = PBXBuildFile; fileRef = F467F81B1BB47B7F00CD1388 /* Main.storyboard */; };
		F467F81F1BB47B7F00CD1388 /* Assets.xcassets in Resources */ = {isa = PBXBuildFile; fileRef = F467F81E1BB47B7F00CD1388 /* Assets.xcassets */; };
		F467F8221BB47B7F00CD1388 /* LaunchScreen.storyboard in Resources */ = {isa = PBXBuildFile; fileRef = F467F8201BB47B7F00CD1388 /* LaunchScreen.storyboard */; };
/* End PBXBuildFile section */

/* Begin PBXFileReference section */
		F467F8141BB47B7F00CD1388 /* Timer.app */ = {isa = PBXFileReference; explicitFileType = wrapper.application; includeInIndex = 0; path = Timer.app; sourceTree = BUILT_PRODUCTS_DIR; };
		F467F8171BB47B7F00CD1388 /* AppDelegate.swift */ = {isa = PBXFileReference; lastKnownFileType = sourcecode.swift; path = AppDelegate.swift; sourceTree = "<group>"; };
		F467F8191BB47B7F00CD1388 /* ViewController.swift */ = {isa = PBXFileReference; lastKnownFileType = sourcecode.swift; path = ViewController.swift; sourceTree = "<group>"; };
		F467F81C1BB47B7F00CD1388 /* Base */ = {isa = PBXFileReference; lastKnownFileType = file.storyboard; name = Base; path = Base.lproj/Main.storyboard; sourceTree = "<group>"; };
		F467F81E1BB47B7F00CD1388 /* Assets.xcassets */ = {isa = PBXFileReference; lastKnownFileType = folder.assetcatalog; path = Assets.xcassets; sourceTree = "<group>"; };
		F467F8211BB47B7F00CD1388 /* Base */ = {isa = PBXFileReference; lastKnownFileType = file.storyboard; name = Base; path = Base.lproj/LaunchScreen.storyboard; sourceTree = "<group>"; };
		F467F8231BB47B7F00CD1388 /* Info.plist */ = {isa = PBXFileReference; lastKnownFileType = text.plist.xml; path = Info.plist; sourceTree = "<group>"; };
/* End PBXFileReference section */

/* Begin PBXFrameworksBuildPhase section */
		F467F8111BB47B7F00CD1388 /* Frameworks */ = {
			isa = PBXFrameworksBuildPhase;
			buildActionMask = 2147483647;
			files = (
			);
			runOnlyForDeploymentPostprocessing = 0;
		};
/* End PBXFrameworksBuildPhase section */

/* Begin PBXGroup section */
		F467F80B1BB47B7F00CD1388 = {
			isa = PBXGroup;
			children = (
				F467F8161BB47B7F00CD1388 /* Timer */,
				F467F8151BB47B7F00CD1388 /* Products */,
			);
			sourceTree = "<group>";
		};
		F467F8151BB47B7F00CD1388 /* Products */ = {
			isa = PBXGroup;
			children = (
				F467F8141BB47B7F00CD1388 /* Timer.app */,
			);
			name = Products;
			sourceTree = "<group>";
		};
		F467F8161BB47B7F00CD1388 /* Timer */ = {
			isa = PBXGroup;
			children = (
				F467F8171BB47B7F00CD1388 /* AppDelegate.swift */,
				F467F8191BB47B7F00CD1388 /* ViewController.swift */,
				F467F81B1BB47B7F00CD1388 /* Main.storyboard */,
				F467F81E1BB47B7F00CD1388 /* Assets.xcassets */,
				F467F8201BB47B7F00CD1388 /* LaunchScreen.storyboard */,
				F467F8231BB47B7F00CD1388 /* Info.plist */,
			);
			path = Timer;
			sourceTree = "<group>";
		};
/* End PBXGroup section */

/* Begin PBXNativeTarget section */
		F467F8131BB47B7F00CD1388 /* Timer */ = {
			isa = PBXNativeTarget;
			buildConfigurationList = F467F8261BB47B7F00CD1388 /* Build configuration list for PBXNativeTarget "Timer" */;
			buildPhases = (
				F467F8101BB47B7F00CD1388 /* Sources */,
				F467F8111BB47B7F00CD1388 /* Frameworks */,
				F467F8121BB47B7F00CD1388 /* Resources */,
			);
			buildRules = (
			);
			dependencies = (
			);
			name = Timer;
			productName = Timer;
			productReference = F467F8141BB47B7F00CD1388 /* Timer.app */;
			productType = "com.apple.product-type.application";
		};
/* End PBXNativeTarget section */

/* Begin PBXProject section */
		F467F80C1BB47B7F00CD1388 /* Project object */ = {
			isa = PBXProject;
			attributes = {
				LastUpgradeCheck = 0700;
				ORGANIZATIONNAME = "Shani Rivers";
				TargetAttributes = {
					F467F8131BB47B7F00CD1388 = {
						CreatedOnToolsVersion = 7.0;
					};
				};
			};
			buildConfigurationList = F467F80F1BB47B7F00CD1388 /* Build configuration list for PBXProject "Timer" */;
			compatibilityVersion = "Xcode 3.2";
			developmentRegion = English;
			hasScannedForEncodings = 0;
			knownRegions = (
				en,
				Base,
			);
			mainGroup = F467F80B1BB47B7F00CD1388;
			productRefGroup = F467F8151BB47B7F00CD1388 /* Products */;
			projectDirPath = "";
			projectRoot = "";
			targets = (
				F467F8131BB47B7F00CD1388 /* Timer */,
			);
		};
/* End PBXProject section */

/* Begin PBXResourcesBuildPhase section */
		F467F8121BB47B7F00CD1388 /* Resources */ = {
			isa = PBXResourcesBuildPhase;
			buildActionMask = 2147483647;
			files = (
				F467F8221BB47B7F00CD1388 /* LaunchScreen.storyboard in Resources */,
				F467F81F1BB47B7F00CD1388 /* Assets.xcassets in Resources */,
				F467F81D1BB47B7F00CD1388 /* Main.storyboard in Resources */,
			);
			runOnlyForDeploymentPostprocessing = 0;
		};
/* End PBXResourcesBuildPhase section */

/* Begin PBXSourcesBuildPhase section */
		F467F8101BB47B7F00CD1388 /* Sources */ = {
			isa = PBXSourcesBuildPhase;
			buildActionMask = 2147483647;
			files = (
				F467F81A1BB47B7F00CD1388 /* ViewController.swift in Sources */,
				F467F8181BB47B7F00CD1388 /* AppDelegate.swift in Sources */,
			);
			runOnlyForDeploymentPostprocessing = 0;
		};
/* End PBXSourcesBuildPhase section */

/* Begin PBXVariantGroup section */
		F467F81B1BB47B7F00CD1388 /* Main.storyboard */ = {
			isa = PBXVariantGroup;
			children = (
				F467F81C1BB47B7F00CD1388 /* Base */,
			);
			name = Main.storyboard;
			sourceTree = "<group>";
		};
		F467F8201BB47B7F00CD1388 /* LaunchScreen.storyboard */ = {
			isa = PBXVariantGroup;
			children = (
				F467F8211BB47B7F00CD1388 /* Base */,
			);
			name = LaunchScreen.storyboard;
			sourceTree = "<group>";
		};
/* End PBXVariantGroup section */

/* Begin XCBuildConfiguration section */
		F467F8241BB47B7F00CD1388 /* Debug */ = {
			isa = XCBuildConfiguration;
			buildSettings = {
				ALWAYS_SEARCH_USER_PATHS = NO;
				CLANG_CXX_LANGUAGE_STANDARD = "gnu++0x";
				CLANG_CXX_LIBRARY = "libc++";
				CLANG_ENABLE_MODULES = YES;
				CLANG_ENABLE_OBJC_ARC = YES;
				CLANG_WARN_BOOL_CONVERSION = YES;
				CLANG_WARN_CONSTANT_CONVERSION = YES;
				CLANG_WARN_DIRECT_OBJC_ISA_USAGE = YES_ERROR;
				CLANG_WARN_EMPTY_BODY = YES;
				CLANG_WARN_ENUM_CONVERSION = YES;
				CLANG_WARN_INT_CONVERSION = YES;
				CLANG_WARN_OBJC_ROOT_CLASS = YES_ERROR;
				CLANG_WARN_UNREACHABLE_CODE = YES;
				CLANG_WARN__DUPLICATE_METHOD_MATCH = YES;
				"CODE_SIGN_IDENTITY[sdk=iphoneos*]" = "iPhone Developer";
				COPY_PHASE_STRIP = NO;
				DEBUG_INFORMATION_FORMAT = dwarf;
				ENABLE_STRICT_OBJC_MSGSEND = YES;
				ENABLE_TESTABILITY = YES;
				GCC_C_LANGUAGE_STANDARD = gnu99;
				GCC_DYNAMIC_NO_PIC = NO;
				GCC_NO_COMMON_BLOCKS = YES;
				GCC_OPTIMIZATION_LEVEL = 0;
				GCC_PREPROCESSOR_DEFINITIONS = (
					"DEBUG=1",
					"$(inherited)",
				);
				GCC_WARN_64_TO_32_BIT_CONVERSION = YES;
				GCC_WARN_ABOUT_RETURN_TYPE = YES_ERROR;
				GCC_WARN_UNDECLARED_SELECTOR = YES;
				GCC_WARN_UNINITIALIZED_AUTOS = YES_AGGRESSIVE;
				GCC_WARN_UNUSED_FUNCTION = YES;
				GCC_WARN_UNUSED_VARIABLE = YES;
				IPHONEOS_DEPLOYMENT_TARGET = 9.0;
				MTL_ENABLE_DEBUG_INFO = YES;
				ONLY_ACTIVE_ARCH = YES;
				SDKROOT = iphoneos;
				SWIFT_OPTIMIZATION_LEVEL = "-Onone";
			};
			name = Debug;
		};
		F467F8251BB47B7F00CD1388 /* Release */ = {
			isa = XCBuildConfiguration;
			buildSettings = {
				ALWAYS_SEARCH_USER_PATHS = NO;
				CLANG_CXX_LANGUAGE_STANDARD = "gnu++0x";
				CLANG_CXX_LIBRARY = "libc++";
				CLANG_ENABLE_MODULES = YES;
				CLANG_ENABLE_OBJC_ARC = YES;
				CLANG_WARN_BOOL_CONVERSION = YES;
				CLANG_WARN_CONSTANT_CONVERSION = YES;
				CLANG_WARN_DIRECT_OBJC_ISA_USAGE = YES_ERROR;
				CLANG_WARN_EMPTY_BODY = YES;
				CLANG_WARN_ENUM_CONVERSION = YES;
				CLANG_WARN_INT_CONVERSION = YES;
				CLANG_WARN_OBJC_ROOT_CLASS = YES_ERROR;
				CLANG_WARN_UNREACHABLE_CODE = YES;
				CLANG_WARN__DUPLICATE_METHOD_MATCH = YES;
				"CODE_SIGN_IDENTITY[sdk=iphoneos*]" = "iPhone Developer";
				COPY_PHASE_STRIP = NO;
				DEBUG_INFORMATION_FORMAT = "dwarf-with-dsym";
				ENABLE_NS_ASSERTIONS = NO;
				ENABLE_STRICT_OBJC_MSGSEND = YES;
				GCC_C_LANGUAGE_STANDARD = gnu99;
				GCC_NO_COMMON_BLOCKS = YES;
				GCC_WARN_64_TO_32_BIT_CONVERSION = YES;
				GCC_WARN_ABOUT_RETURN_TYPE = YES_ERROR;
				GCC_WARN_UNDECLARED_SELECTOR = YES;
				GCC_WARN_UNINITIALIZED_AUTOS = YES_AGGRESSIVE;
				GCC_WARN_UNUSED_FUNCTION = YES;
				GCC_WARN_UNUSED_VARIABLE = YES;
				IPHONEOS_DEPLOYMENT_TARGET = 9.0;
				MTL_ENABLE_DEBUG_INFO = NO;
				SDKROOT = iphoneos;
				VALIDATE_PRODUCT = YES;
			};
			name = Release;
		};
		F467F8271BB47B7F00CD1388 /* Debug */ = {
			isa = XCBuildConfiguration;
			buildSettings = {
				ASSETCATALOG_COMPILER_APPICON_NAME = AppIcon;
				INFOPLIST_FILE = Timer/Info.plist;
				LD_RUNPATH_SEARCH_PATHS = "$(inherited) @executable_path/Frameworks";
				PRODUCT_BUNDLE_IDENTIFIER = me.shanirivers.Timer;
				PRODUCT_NAME = "$(TARGET_NAME)";
			};
			name = Debug;
		};
		F467F8281BB47B7F00CD1388 /* Release */ = {
			isa = XCBuildConfiguration;
			buildSettings = {
				ASSETCATALOG_COMPILER_APPICON_NAME = AppIcon;
				INFOPLIST_FILE = Timer/Info.plist;
				LD_RUNPATH_SEARCH_PATHS = "$(inherited) @executable_path/Frameworks";
				PRODUCT_BUNDLE_IDENTIFIER = me.shanirivers.Timer;
				PRODUCT_NAME = "$(TARGET_NAME)";
			};
			name = Release;
		};
/* End XCBuildConfiguration section */

/* Begin XCConfigurationList section */
		F467F80F1BB47B7F00CD1388 /* Build configuration list for PBXProject "Timer" */ = {
			isa = XCConfigurationList;
			buildConfigurations = (
				F467F8241BB47B7F00CD1388 /* Debug */,
				F467F8251BB47B7F00CD1388 /* Release */,
			);
			defaultConfigurationIsVisible = 0;
			defaultConfigurationName = Release;
		};
		F467F8261BB47B7F00CD1388 /* Build configuration list for PBXNativeTarget "Timer" */ = {
			isa = XCConfigurationList;
			buildConfigurations = (
				F467F8271BB47B7F00CD1388 /* Debug */,
				F467F8281BB47B7F00CD1388 /* Release */,
			);
			defaultConfigurationIsVisible = 0;
		};
/* End XCConfigurationList section */
	};
	rootObject = F467F80C1BB47B7F00CD1388 /* Project object */;
}
